
Microsoft Visual Studio Solution File, Format Version 12.00
# Visual Studio Version 17
VisualStudioVersion = 17.11.35312.102
MinimumVisualStudioVersion = 10.0.40219.1
Project("{FAE04EC0-301F-11D3-BF4B-00C04F79EFBC}") = "ApiNetCoreAws", "ApiNetCoreAws\ApiNetCoreAws.csproj", "{674F9A13-DB92-44D0-B366-7162633A6656}"
EndProject
Global
	GlobalSection(SolutionConfigurationPlatforms) = preSolution
		Debug|Any CPU = Debug|Any CPU
		Release|Any CPU = Release|Any CPU
	EndGlobalSection
	GlobalSection(ProjectConfigurationPlatforms) = postSolution
		{674F9A13-DB92-44D0-B366-7162633A6656}.Debug|Any CPU.ActiveCfg = Debug|Any CPU
		{674F9A13-DB92-44D0-B366-7162633A6656}.Debug|Any CPU.Build.0 = Debug|Any CPU
		{674F9A13-DB92-44D0-B366-7162633A6656}.Release|Any CPU.ActiveCfg = Release|Any CPU
		{674F9A13-DB92-44D0-B366-7162633A6656}.Release|Any CPU.Build.0 = Release|Any CPU
	EndGlobalSection
	GlobalSection(SolutionProperties) = preSolution
		HideSolutionNode = FALSE
	EndGlobalSection
	GlobalSection(ExtensibilityGlobals) = postSolution
		SolutionGuid = {74218F84-6CAF-4F79-8506-7D08DE6C21E4}
	EndGlobalSection
EndGlobal
